
Microsoft Visual Studio Solution File, Format Version 12.00
# Visual Studio Version 16
VisualStudioVersion = 16.0.30406.217
MinimumVisualStudioVersion = 10.0.40219.1
Project("{FAE04EC0-301F-11D3-BF4B-00C04F79EFBC}") = "MyPrjEntFramewrk", "MyPrjEntFramewrk\MyPrjEntFramewrk.csproj", "{A5A2E90C-436A-4DF1-944A-34E961BB47A6}"
EndProject
Global
	GlobalSection(SolutionConfigurationPlatforms) = preSolution
		Debug|Any CPU = Debug|Any CPU
		Release|Any CPU = Release|Any CPU
	EndGlobalSection
	GlobalSection(ProjectConfigurationPlatforms) = postSolution
		{A5A2E90C-436A-4DF1-944A-34E961BB47A6}.Debug|Any CPU.ActiveCfg = Debug|Any CPU
		{A5A2E90C-436A-4DF1-944A-34E961BB47A6}.Debug|Any CPU.Build.0 = Debug|Any CPU
		{A5A2E90C-436A-4DF1-944A-34E961BB47A6}.Release|Any CPU.ActiveCfg = Release|Any CPU
		{A5A2E90C-436A-4DF1-944A-34E961BB47A6}.Release|Any CPU.Build.0 = Release|Any CPU
	EndGlobalSection
	GlobalSection(SolutionProperties) = preSolution
		HideSolutionNode = FALSE
	EndGlobalSection
	GlobalSection(ExtensibilityGlobals) = postSolution
		SolutionGuid = {E37902B6-6679-4B2C-91CC-D158484B086F}
	EndGlobalSection
EndGlobal
